// !$*UTF8*$!
{
	archiveVersion = 1;
	classes = {
	};
	objectVersion = 56;
	objects = {

/* Begin PBXBuildFile section */
		7D23349D29B78E10001E43A5 /* Array+Extension.swift in Sources */ = {isa = PBXBuildFile; fileRef = 7D23349C29B78E10001E43A5 /* Array+Extension.swift */; };
		7D2334A229B84BC7001E43A5 /* Transaction+CoreDataClass.swift in Sources */ = {isa = PBXBuildFile; fileRef = 7D2334A029B84BC7001E43A5 /* Transaction+CoreDataClass.swift */; };
		7D2334A329B84BC7001E43A5 /* Transaction+CoreDataProperties.swift in Sources */ = {isa = PBXBuildFile; fileRef = 7D2334A129B84BC7001E43A5 /* Transaction+CoreDataProperties.swift */; };
		7D2334A929B9A57A001E43A5 /* StatsView.swift in Sources */ = {isa = PBXBuildFile; fileRef = 7D2334A829B9A57A001E43A5 /* StatsView.swift */; };
		7D2334AB29B9C6CE001E43A5 /* TransactionsListView.swift in Sources */ = {isa = PBXBuildFile; fileRef = 7D2334AA29B9C6CE001E43A5 /* TransactionsListView.swift */; };
		7D2334AE29BB7D14001E43A5 /* SavingUsedWords.swift in Sources */ = {isa = PBXBuildFile; fileRef = 7D2334AD29BB7D14001E43A5 /* SavingUsedWords.swift */; };
		7D3FC1C829993DF9000FA748 /* CoffeeAppApp.swift in Sources */ = {isa = PBXBuildFile; fileRef = 7D3FC1C729993DF9000FA748 /* CoffeeAppApp.swift */; };
		7D3FC1CA29993DF9000FA748 /* HomeView.swift in Sources */ = {isa = PBXBuildFile; fileRef = 7D3FC1C929993DF9000FA748 /* HomeView.swift */; };
		7D3FC1CC29993DFA000FA748 /* Assets.xcassets in Resources */ = {isa = PBXBuildFile; fileRef = 7D3FC1CB29993DFA000FA748 /* Assets.xcassets */; };
		7D3FC1CF29993DFA000FA748 /* Preview Assets.xcassets in Resources */ = {isa = PBXBuildFile; fileRef = 7D3FC1CE29993DFA000FA748 /* Preview Assets.xcassets */; };
		7D3FC1D729993F8B000FA748 /* CoffeeShop3.xcdatamodeld in Sources */ = {isa = PBXBuildFile; fileRef = 7D3FC1D529993F8B000FA748 /* CoffeeShop3.xcdatamodeld */; };
		7D3FC1D929994031000FA748 /* DataController.swift in Sources */ = {isa = PBXBuildFile; fileRef = 7D3FC1D829994031000FA748 /* DataController.swift */; };
		7D663BC729B1D686002AB7CF /* RangeSlider.swift in Sources */ = {isa = PBXBuildFile; fileRef = 7D663BC629B1D686002AB7CF /* RangeSlider.swift */; };
		7DC2A5E929C5AB1E005DB27C /* Item.swift in Sources */ = {isa = PBXBuildFile; fileRef = 7DC2A5E829C5AB1E005DB27C /* Item.swift */; };
		7DCB23F729A219920045E8EF /* AddTransactionView.swift in Sources */ = {isa = PBXBuildFile; fileRef = 7DCB23F629A219920045E8EF /* AddTransactionView.swift */; };
		7DCB23F929A2452A0045E8EF /* View+Extension.swift in Sources */ = {isa = PBXBuildFile; fileRef = 7DCB23F829A2452A0045E8EF /* View+Extension.swift */; };
		7DCB23FD29A249300045E8EF /* GeneralFunctions.swift in Sources */ = {isa = PBXBuildFile; fileRef = 7DCB23FC29A249300045E8EF /* GeneralFunctions.swift */; };
		7DCB240129A262D10045E8EF /* MainTabView.swift in Sources */ = {isa = PBXBuildFile; fileRef = 7DCB240029A262D10045E8EF /* MainTabView.swift */; };
		7DCB240729A3B0C70045E8EF /* Color+Extension.swift in Sources */ = {isa = PBXBuildFile; fileRef = 7DCB240629A3B0C70045E8EF /* Color+Extension.swift */; };
		7DCB240B29A3D6D60045E8EF /* Date+Extension.swift in Sources */ = {isa = PBXBuildFile; fileRef = 7DCB240A29A3D6D60045E8EF /* Date+Extension.swift */; };
/* End PBXBuildFile section */

/* Begin PBXFileReference section */
		7D23349C29B78E10001E43A5 /* Array+Extension.swift */ = {isa = PBXFileReference; lastKnownFileType = sourcecode.swift; path = "Array+Extension.swift"; sourceTree = "<group>"; };
		7D2334A029B84BC7001E43A5 /* Transaction+CoreDataClass.swift */ = {isa = PBXFileReference; lastKnownFileType = sourcecode.swift; path = "Transaction+CoreDataClass.swift"; sourceTree = "<group>"; };
		7D2334A129B84BC7001E43A5 /* Transaction+CoreDataProperties.swift */ = {isa = PBXFileReference; lastKnownFileType = sourcecode.swift; path = "Transaction+CoreDataProperties.swift"; sourceTree = "<group>"; };
		7D2334A829B9A57A001E43A5 /* StatsView.swift */ = {isa = PBXFileReference; lastKnownFileType = sourcecode.swift; path = StatsView.swift; sourceTree = "<group>"; };
		7D2334AA29B9C6CE001E43A5 /* TransactionsListView.swift */ = {isa = PBXFileReference; lastKnownFileType = sourcecode.swift; path = TransactionsListView.swift; sourceTree = "<group>"; };
		7D2334AD29BB7D14001E43A5 /* SavingUsedWords.swift */ = {isa = PBXFileReference; lastKnownFileType = sourcecode.swift; path = SavingUsedWords.swift; sourceTree = "<group>"; };
		7D2334AF29C06EDB001E43A5 /* CoffeeApp.entitlements */ = {isa = PBXFileReference; lastKnownFileType = text.plist.entitlements; path = CoffeeApp.entitlements; sourceTree = "<group>"; };
		7D2334B029C07164001E43A5 /* Info.plist */ = {isa = PBXFileReference; lastKnownFileType = text.plist; path = Info.plist; sourceTree = "<group>"; };
		7D3FC1C429993DF9000FA748 /* CoffeeApp.app */ = {isa = PBXFileReference; explicitFileType = wrapper.application; includeInIndex = 0; path = CoffeeApp.app; sourceTree = BUILT_PRODUCTS_DIR; };
		7D3FC1C729993DF9000FA748 /* CoffeeAppApp.swift */ = {isa = PBXFileReference; lastKnownFileType = sourcecode.swift; path = CoffeeAppApp.swift; sourceTree = "<group>"; };
		7D3FC1C929993DF9000FA748 /* HomeView.swift */ = {isa = PBXFileReference; lastKnownFileType = sourcecode.swift; path = HomeView.swift; sourceTree = "<group>"; };
		7D3FC1CB29993DFA000FA748 /* Assets.xcassets */ = {isa = PBXFileReference; lastKnownFileType = folder.assetcatalog; path = Assets.xcassets; sourceTree = "<group>"; };
		7D3FC1CE29993DFA000FA748 /* Preview Assets.xcassets */ = {isa = PBXFileReference; lastKnownFileType = folder.assetcatalog; path = "Preview Assets.xcassets"; sourceTree = "<group>"; };
		7D3FC1D629993F8B000FA748 /* CoffeeShopModel.xcdatamodel */ = {isa = PBXFileReference; lastKnownFileType = wrapper.xcdatamodel; path = CoffeeShopModel.xcdatamodel; sourceTree = "<group>"; };
		7D3FC1D829994031000FA748 /* DataController.swift */ = {isa = PBXFileReference; lastKnownFileType = sourcecode.swift; path = DataController.swift; sourceTree = "<group>"; };
		7D663BC629B1D686002AB7CF /* RangeSlider.swift */ = {isa = PBXFileReference; lastKnownFileType = sourcecode.swift; path = RangeSlider.swift; sourceTree = "<group>"; };
		7DC2A5E829C5AB1E005DB27C /* Item.swift */ = {isa = PBXFileReference; lastKnownFileType = sourcecode.swift; path = Item.swift; sourceTree = "<group>"; };
		7DCB23F629A219920045E8EF /* AddTransactionView.swift */ = {isa = PBXFileReference; lastKnownFileType = sourcecode.swift; path = AddTransactionView.swift; sourceTree = "<group>"; };
		7DCB23F829A2452A0045E8EF /* View+Extension.swift */ = {isa = PBXFileReference; lastKnownFileType = sourcecode.swift; path = "View+Extension.swift"; sourceTree = "<group>"; };
		7DCB23FC29A249300045E8EF /* GeneralFunctions.swift */ = {isa = PBXFileReference; fileEncoding = 4; lastKnownFileType = sourcecode.swift; path = GeneralFunctions.swift; sourceTree = "<group>"; };
		7DCB240029A262D10045E8EF /* MainTabView.swift */ = {isa = PBXFileReference; lastKnownFileType = sourcecode.swift; path = MainTabView.swift; sourceTree = "<group>"; };
		7DCB240629A3B0C70045E8EF /* Color+Extension.swift */ = {isa = PBXFileReference; lastKnownFileType = sourcecode.swift; path = "Color+Extension.swift"; sourceTree = "<group>"; };
		7DCB240A29A3D6D60045E8EF /* Date+Extension.swift */ = {isa = PBXFileReference; lastKnownFileType = sourcecode.swift; path = "Date+Extension.swift"; sourceTree = "<group>"; };
/* End PBXFileReference section */

/* Begin PBXFrameworksBuildPhase section */
		7D3FC1C129993DF9000FA748 /* Frameworks */ = {
			isa = PBXFrameworksBuildPhase;
			buildActionMask = 2147483647;
			files = (
			);
			runOnlyForDeploymentPostprocessing = 0;
		};
/* End PBXFrameworksBuildPhase section */

/* Begin PBXGroup section */
		7D2334AC29BB7CEC001E43A5 /* Models */ = {
			isa = PBXGroup;
			children = (
				7D2334AD29BB7D14001E43A5 /* SavingUsedWords.swift */,
				7D3FC1D829994031000FA748 /* DataController.swift */,
				7DC2A5E829C5AB1E005DB27C /* Item.swift */,
			);
			path = Models;
			sourceTree = "<group>";
		};
		7D3FC1BB29993DF9000FA748 = {
			isa = PBXGroup;
			children = (
				7D3FC1C629993DF9000FA748 /* CoffeeApp */,
				7D3FC1C529993DF9000FA748 /* Products */,
			);
			sourceTree = "<group>";
		};
		7D3FC1C529993DF9000FA748 /* Products */ = {
			isa = PBXGroup;
			children = (
				7D3FC1C429993DF9000FA748 /* CoffeeApp.app */,
			);
			name = Products;
			sourceTree = "<group>";
		};
		7D3FC1C629993DF9000FA748 /* CoffeeApp */ = {
			isa = PBXGroup;
			children = (
				7D2334B029C07164001E43A5 /* Info.plist */,
				7D2334AF29C06EDB001E43A5 /* CoffeeApp.entitlements */,
				7D3FC1C729993DF9000FA748 /* CoffeeAppApp.swift */,
				7D2334AC29BB7CEC001E43A5 /* Models */,
				7DCB23C729A0AF000045E8EF /* Views */,
				7D3FC1D529993F8B000FA748 /* CoffeeShop3.xcdatamodeld */,
				7DC2A5EA29C5AC81005DB27C /* CoreDataClasses */,
				7DCB23F329A213780045E8EF /* Helpers */,
				7D3FC1CB29993DFA000FA748 /* Assets.xcassets */,
				7D3FC1CD29993DFA000FA748 /* Preview Content */,
				7DC2A5E729C5A9D7005DB27C /* For Future */,
			);
			path = CoffeeApp;
			sourceTree = "<group>";
		};
		7D3FC1CD29993DFA000FA748 /* Preview Content */ = {
			isa = PBXGroup;
			children = (
				7D3FC1CE29993DFA000FA748 /* Preview Assets.xcassets */,
			);
			path = "Preview Content";
			sourceTree = "<group>";
		};
		7DC2A5E729C5A9D7005DB27C /* For Future */ = {
			isa = PBXGroup;
			children = (
				7D663BC629B1D686002AB7CF /* RangeSlider.swift */,
			);
			path = "For Future";
			sourceTree = "<group>";
		};
		7DC2A5EA29C5AC81005DB27C /* CoreDataClasses */ = {
			isa = PBXGroup;
			children = (
				7D2334A029B84BC7001E43A5 /* Transaction+CoreDataClass.swift */,
				7D2334A129B84BC7001E43A5 /* Transaction+CoreDataProperties.swift */,
			);
			path = CoreDataClasses;
			sourceTree = "<group>";
		};
		7DCB23C729A0AF000045E8EF /* Views */ = {
			isa = PBXGroup;
			children = (
				7DCB23F629A219920045E8EF /* AddTransactionView.swift */,
				7D3FC1C929993DF9000FA748 /* HomeView.swift */,
				7DCB240029A262D10045E8EF /* MainTabView.swift */,
				7D2334A829B9A57A001E43A5 /* StatsView.swift */,
				7D2334AA29B9C6CE001E43A5 /* TransactionsListView.swift */,
			);
			path = Views;
			sourceTree = "<group>";
		};
		7DCB23F329A213780045E8EF /* Helpers */ = {
			isa = PBXGroup;
			children = (
				7DCB23F829A2452A0045E8EF /* View+Extension.swift */,
				7DCB23FC29A249300045E8EF /* GeneralFunctions.swift */,
				7DCB240629A3B0C70045E8EF /* Color+Extension.swift */,
				7DCB240A29A3D6D60045E8EF /* Date+Extension.swift */,
				7D23349C29B78E10001E43A5 /* Array+Extension.swift */,
			);
			path = Helpers;
			sourceTree = "<group>";
		};
/* End PBXGroup section */

/* Begin PBXNativeTarget section */
		7D3FC1C329993DF9000FA748 /* CoffeeApp */ = {
			isa = PBXNativeTarget;
			buildConfigurationList = 7D3FC1D229993DFA000FA748 /* Build configuration list for PBXNativeTarget "CoffeeApp" */;
			buildPhases = (
				7D3FC1C029993DF9000FA748 /* Sources */,
				7D3FC1C129993DF9000FA748 /* Frameworks */,
				7D3FC1C229993DF9000FA748 /* Resources */,
			);
			buildRules = (
			);
			dependencies = (
			);
			name = CoffeeApp;
			packageProductDependencies = (
			);
			productName = CoffeeApp;
			productReference = 7D3FC1C429993DF9000FA748 /* CoffeeApp.app */;
			productType = "com.apple.product-type.application";
		};
/* End PBXNativeTarget section */

/* Begin PBXProject section */
		7D3FC1BC29993DF9000FA748 /* Project object */ = {
			isa = PBXProject;
			attributes = {
				BuildIndependentTargetsInParallel = 1;
				LastSwiftUpdateCheck = 1410;
				LastUpgradeCheck = 1410;
				TargetAttributes = {
					7D3FC1C329993DF9000FA748 = {
						CreatedOnToolsVersion = 14.1;
					};
				};
			};
			buildConfigurationList = 7D3FC1BF29993DF9000FA748 /* Build configuration list for PBXProject "CoffeeApp" */;
			compatibilityVersion = "Xcode 14.0";
			developmentRegion = en;
			hasScannedForEncodings = 0;
			knownRegions = (
				en,
				Base,
			);
			mainGroup = 7D3FC1BB29993DF9000FA748;
			packageReferences = (
			);
			productRefGroup = 7D3FC1C529993DF9000FA748 /* Products */;
			projectDirPath = "";
			projectRoot = "";
			targets = (
				7D3FC1C329993DF9000FA748 /* CoffeeApp */,
			);
		};
/* End PBXProject section */

/* Begin PBXResourcesBuildPhase section */
		7D3FC1C229993DF9000FA748 /* Resources */ = {
			isa = PBXResourcesBuildPhase;
			buildActionMask = 2147483647;
			files = (
				7D3FC1CF29993DFA000FA748 /* Preview Assets.xcassets in Resources */,
				7D3FC1CC29993DFA000FA748 /* Assets.xcassets in Resources */,
			);
			runOnlyForDeploymentPostprocessing = 0;
		};
/* End PBXResourcesBuildPhase section */

/* Begin PBXSourcesBuildPhase section */
		7D3FC1C029993DF9000FA748 /* Sources */ = {
			isa = PBXSourcesBuildPhase;
			buildActionMask = 2147483647;
			files = (
				7DCB240B29A3D6D60045E8EF /* Date+Extension.swift in Sources */,
				7DCB23FD29A249300045E8EF /* GeneralFunctions.swift in Sources */,
				7D2334A229B84BC7001E43A5 /* Transaction+CoreDataClass.swift in Sources */,
				7D23349D29B78E10001E43A5 /* Array+Extension.swift in Sources */,
				7D2334A329B84BC7001E43A5 /* Transaction+CoreDataProperties.swift in Sources */,
				7DCB23F729A219920045E8EF /* AddTransactionView.swift in Sources */,
				7D663BC729B1D686002AB7CF /* RangeSlider.swift in Sources */,
				7D3FC1D729993F8B000FA748 /* CoffeeShop3.xcdatamodeld in Sources */,
				7D3FC1D929994031000FA748 /* DataController.swift in Sources */,
				7D3FC1CA29993DF9000FA748 /* HomeView.swift in Sources */,
				7DCB240729A3B0C70045E8EF /* Color+Extension.swift in Sources */,
				7D2334AE29BB7D14001E43A5 /* SavingUsedWords.swift in Sources */,
				7DCB23F929A2452A0045E8EF /* View+Extension.swift in Sources */,
				7DC2A5E929C5AB1E005DB27C /* Item.swift in Sources */,
				7D2334AB29B9C6CE001E43A5 /* TransactionsListView.swift in Sources */,
				7D2334A929B9A57A001E43A5 /* StatsView.swift in Sources */,
				7D3FC1C829993DF9000FA748 /* CoffeeAppApp.swift in Sources */,
				7DCB240129A262D10045E8EF /* MainTabView.swift in Sources */,
			);
			runOnlyForDeploymentPostprocessing = 0;
		};
/* End PBXSourcesBuildPhase section */

/* Begin XCBuildConfiguration section */
		7D3FC1D029993DFA000FA748 /* Debug */ = {
			isa = XCBuildConfiguration;
			buildSettings = {
				ALWAYS_SEARCH_USER_PATHS = NO;
				CLANG_ANALYZER_NONNULL = YES;
				CLANG_ANALYZER_NUMBER_OBJECT_CONVERSION = YES_AGGRESSIVE;
				CLANG_CXX_LANGUAGE_STANDARD = "gnu++20";
				CLANG_ENABLE_MODULES = YES;
				CLANG_ENABLE_OBJC_ARC = YES;
				CLANG_ENABLE_OBJC_WEAK = YES;
				CLANG_WARN_BLOCK_CAPTURE_AUTORELEASING = YES;
				CLANG_WARN_BOOL_CONVERSION = YES;
				CLANG_WARN_COMMA = YES;
				CLANG_WARN_CONSTANT_CONVERSION = YES;
				CLANG_WARN_DEPRECATED_OBJC_IMPLEMENTATIONS = YES;
				CLANG_WARN_DIRECT_OBJC_ISA_USAGE = YES_ERROR;
				CLANG_WARN_DOCUMENTATION_COMMENTS = YES;
				CLANG_WARN_EMPTY_BODY = YES;
				CLANG_WARN_ENUM_CONVERSION = YES;
				CLANG_WARN_INFINITE_RECURSION = YES;
				CLANG_WARN_INT_CONVERSION = YES;
				CLANG_WARN_NON_LITERAL_NULL_CONVERSION = YES;
				CLANG_WARN_OBJC_IMPLICIT_RETAIN_SELF = YES;
				CLANG_WARN_OBJC_LITERAL_CONVERSION = YES;
				CLANG_WARN_OBJC_ROOT_CLASS = YES_ERROR;
				CLANG_WARN_QUOTED_INCLUDE_IN_FRAMEWORK_HEADER = YES;
				CLANG_WARN_RANGE_LOOP_ANALYSIS = YES;
				CLANG_WARN_STRICT_PROTOTYPES = YES;
				CLANG_WARN_SUSPICIOUS_MOVE = YES;
				CLANG_WARN_UNGUARDED_AVAILABILITY = YES_AGGRESSIVE;
				CLANG_WARN_UNREACHABLE_CODE = YES;
				CLANG_WARN__DUPLICATE_METHOD_MATCH = YES;
				COPY_PHASE_STRIP = NO;
				DEBUG_INFORMATION_FORMAT = dwarf;
				ENABLE_STRICT_OBJC_MSGSEND = YES;
				ENABLE_TESTABILITY = YES;
				GCC_C_LANGUAGE_STANDARD = gnu11;
				GCC_DYNAMIC_NO_PIC = NO;
				GCC_NO_COMMON_BLOCKS = YES;
				GCC_OPTIMIZATION_LEVEL = 0;
				GCC_PREPROCESSOR_DEFINITIONS = (
					"DEBUG=1",
					"$(inherited)",
				);
				GCC_WARN_64_TO_32_BIT_CONVERSION = YES;
				GCC_WARN_ABOUT_RETURN_TYPE = YES_ERROR;
				GCC_WARN_UNDECLARED_SELECTOR = YES;
				GCC_WARN_UNINITIALIZED_AUTOS = YES_AGGRESSIVE;
				GCC_WARN_UNUSED_FUNCTION = YES;
				GCC_WARN_UNUSED_VARIABLE = YES;
				IPHONEOS_DEPLOYMENT_TARGET = 16.0;
				MTL_ENABLE_DEBUG_INFO = INCLUDE_SOURCE;
				MTL_FAST_MATH = YES;
				ONLY_ACTIVE_ARCH = YES;
				SDKROOT = iphoneos;
				SWIFT_ACTIVE_COMPILATION_CONDITIONS = DEBUG;
				SWIFT_OPTIMIZATION_LEVEL = "-Onone";
			};
			name = Debug;
		};
		7D3FC1D129993DFA000FA748 /* Release */ = {
			isa = XCBuildConfiguration;
			buildSettings = {
				ALWAYS_SEARCH_USER_PATHS = NO;
				CLANG_ANALYZER_NONNULL = YES;
				CLANG_ANALYZER_NUMBER_OBJECT_CONVERSION = YES_AGGRESSIVE;
				CLANG_CXX_LANGUAGE_STANDARD = "gnu++20";
				CLANG_ENABLE_MODULES = YES;
				CLANG_ENABLE_OBJC_ARC = YES;
				CLANG_ENABLE_OBJC_WEAK = YES;
				CLANG_WARN_BLOCK_CAPTURE_AUTORELEASING = YES;
				CLANG_WARN_BOOL_CONVERSION = YES;
				CLANG_WARN_COMMA = YES;
				CLANG_WARN_CONSTANT_CONVERSION = YES;
				CLANG_WARN_DEPRECATED_OBJC_IMPLEMENTATIONS = YES;
				CLANG_WARN_DIRECT_OBJC_ISA_USAGE = YES_ERROR;
				CLANG_WARN_DOCUMENTATION_COMMENTS = YES;
				CLANG_WARN_EMPTY_BODY = YES;
				CLANG_WARN_ENUM_CONVERSION = YES;
				CLANG_WARN_INFINITE_RECURSION = YES;
				CLANG_WARN_INT_CONVERSION = YES;
				CLANG_WARN_NON_LITERAL_NULL_CONVERSION = YES;
				CLANG_WARN_OBJC_IMPLICIT_RETAIN_SELF = YES;
				CLANG_WARN_OBJC_LITERAL_CONVERSION = YES;
				CLANG_WARN_OBJC_ROOT_CLASS = YES_ERROR;
				CLANG_WARN_QUOTED_INCLUDE_IN_FRAMEWORK_HEADER = YES;
				CLANG_WARN_RANGE_LOOP_ANALYSIS = YES;
				CLANG_WARN_STRICT_PROTOTYPES = YES;
				CLANG_WARN_SUSPICIOUS_MOVE = YES;
				CLANG_WARN_UNGUARDED_AVAILABILITY = YES_AGGRESSIVE;
				CLANG_WARN_UNREACHABLE_CODE = YES;
				CLANG_WARN__DUPLICATE_METHOD_MATCH = YES;
				COPY_PHASE_STRIP = NO;
				DEBUG_INFORMATION_FORMAT = "dwarf-with-dsym";
				ENABLE_NS_ASSERTIONS = NO;
				ENABLE_STRICT_OBJC_MSGSEND = YES;
				GCC_C_LANGUAGE_STANDARD = gnu11;
				GCC_NO_COMMON_BLOCKS = YES;
				GCC_WARN_64_TO_32_BIT_CONVERSION = YES;
				GCC_WARN_ABOUT_RETURN_TYPE = YES_ERROR;
				GCC_WARN_UNDECLARED_SELECTOR = YES;
				GCC_WARN_UNINITIALIZED_AUTOS = YES_AGGRESSIVE;
				GCC_WARN_UNUSED_FUNCTION = YES;
				GCC_WARN_UNUSED_VARIABLE = YES;
				IPHONEOS_DEPLOYMENT_TARGET = 16.0;
				MTL_ENABLE_DEBUG_INFO = NO;
				MTL_FAST_MATH = YES;
				SDKROOT = iphoneos;
				SWIFT_COMPILATION_MODE = wholemodule;
				SWIFT_OPTIMIZATION_LEVEL = "-O";
				VALIDATE_PRODUCT = YES;
			};
			name = Release;
		};
		7D3FC1D329993DFA000FA748 /* Debug */ = {
			isa = XCBuildConfiguration;
			buildSettings = {
				ASSETCATALOG_COMPILER_APPICON_NAME = AppIcon;
				ASSETCATALOG_COMPILER_GLOBAL_ACCENT_COLOR_NAME = AccentColor;
				CODE_SIGN_ENTITLEMENTS = CoffeeApp/CoffeeApp.entitlements;
				CODE_SIGN_STYLE = Automatic;
				CURRENT_PROJECT_VERSION = 1;
				DEVELOPMENT_ASSET_PATHS = "\"CoffeeApp/Preview Content\"";
				DEVELOPMENT_TEAM = KZDZ375338;
				ENABLE_PREVIEWS = YES;
				GENERATE_INFOPLIST_FILE = YES;
				INFOPLIST_FILE = CoffeeApp/Info.plist;
				INFOPLIST_KEY_CFBundleDisplayName = CoffeeSell;
				INFOPLIST_KEY_LSApplicationCategoryType = "public.app-category.finance";
				INFOPLIST_KEY_UIApplicationSceneManifest_Generation = YES;
				INFOPLIST_KEY_UIApplicationSupportsIndirectInputEvents = YES;
				INFOPLIST_KEY_UILaunchScreen_Generation = YES;
				INFOPLIST_KEY_UISupportedInterfaceOrientations = "UIInterfaceOrientationLandscapeLeft UIInterfaceOrientationLandscapeRight UIInterfaceOrientationPortrait UIInterfaceOrientationPortraitUpsideDown";
				LD_RUNPATH_SEARCH_PATHS = (
					"$(inherited)",
					"@executable_path/Frameworks",
				);
				MARKETING_VERSION = 1.0;
				PRODUCT_BUNDLE_IDENTIFIER = SK.CoffeeApp;
				PRODUCT_NAME = "$(TARGET_NAME)";
				SUPPORTED_PLATFORMS = "iphoneos iphonesimulator";
				SUPPORTS_MACCATALYST = NO;
				SUPPORTS_MAC_DESIGNED_FOR_IPHONE_IPAD = NO;
				SWIFT_EMIT_LOC_STRINGS = YES;
				SWIFT_VERSION = 5.0;
				TARGETED_DEVICE_FAMILY = "1,2";
			};
			name = Debug;
		};
		7D3FC1D429993DFA000FA748 /* Release */ = {
			isa = XCBuildConfiguration;
			buildSettings = {
				ASSETCATALOG_COMPILER_APPICON_NAME = AppIcon;
				ASSETCATALOG_COMPILER_GLOBAL_ACCENT_COLOR_NAME = AccentColor;
				CODE_SIGN_ENTITLEMENTS = CoffeeApp/CoffeeApp.entitlements;
				CODE_SIGN_STYLE = Automatic;
				CURRENT_PROJECT_VERSION = 1;
				DEVELOPMENT_ASSET_PATHS = "\"CoffeeApp/Preview Content\"";
				DEVELOPMENT_TEAM = KZDZ375338;
				ENABLE_PREVIEWS = YES;
				GENERATE_INFOPLIST_FILE = YES;
				INFOPLIST_FILE = CoffeeApp/Info.plist;
				INFOPLIST_KEY_CFBundleDisplayName = CoffeeSell;
				INFOPLIST_KEY_LSApplicationCategoryType = "public.app-category.finance";
				INFOPLIST_KEY_UIApplicationSceneManifest_Generation = YES;
				INFOPLIST_KEY_UIApplicationSupportsIndirectInputEvents = YES;
				INFOPLIST_KEY_UILaunchScreen_Generation = YES;
				INFOPLIST_KEY_UISupportedInterfaceOrientations = "UIInterfaceOrientationLandscapeLeft UIInterfaceOrientationLandscapeRight UIInterfaceOrientationPortrait UIInterfaceOrientationPortraitUpsideDown";
				LD_RUNPATH_SEARCH_PATHS = (
					"$(inherited)",
					"@executable_path/Frameworks",
				);
				MARKETING_VERSION = 1.0;
				PRODUCT_BUNDLE_IDENTIFIER = SK.CoffeeApp;
				PRODUCT_NAME = "$(TARGET_NAME)";
				SUPPORTED_PLATFORMS = "iphoneos iphonesimulator";
				SUPPORTS_MACCATALYST = NO;
				SUPPORTS_MAC_DESIGNED_FOR_IPHONE_IPAD = NO;
				SWIFT_EMIT_LOC_STRINGS = YES;
				SWIFT_VERSION = 5.0;
				TARGETED_DEVICE_FAMILY = "1,2";
			};
			name = Release;
		};
/* End XCBuildConfiguration section */

/* Begin XCConfigurationList section */
		7D3FC1BF29993DF9000FA748 /* Build configuration list for PBXProject "CoffeeApp" */ = {
			isa = XCConfigurationList;
			buildConfigurations = (
				7D3FC1D029993DFA000FA748 /* Debug */,
				7D3FC1D129993DFA000FA748 /* Release */,
			);
			defaultConfigurationIsVisible = 0;
			defaultConfigurationName = Release;
		};
		7D3FC1D229993DFA000FA748 /* Build configuration list for PBXNativeTarget "CoffeeApp" */ = {
			isa = XCConfigurationList;
			buildConfigurations = (
				7D3FC1D329993DFA000FA748 /* Debug */,
				7D3FC1D429993DFA000FA748 /* Release */,
			);
			defaultConfigurationIsVisible = 0;
			defaultConfigurationName = Release;
		};
/* End XCConfigurationList section */

/* Begin XCVersionGroup section */
		7D3FC1D529993F8B000FA748 /* CoffeeShop3.xcdatamodeld */ = {
			isa = XCVersionGroup;
			children = (
				7D3FC1D629993F8B000FA748 /* CoffeeShopModel.xcdatamodel */,
			);
			currentVersion = 7D3FC1D629993F8B000FA748 /* CoffeeShopModel.xcdatamodel */;
			path = CoffeeShop3.xcdatamodeld;
			sourceTree = "<group>";
			versionGroupType = wrapper.xcdatamodel;
		};
/* End XCVersionGroup section */
	};
	rootObject = 7D3FC1BC29993DF9000FA748 /* Project object */;
}
